// !$*UTF8*$!
{
	archiveVersion = 1;
	classes = {
	};
	objectVersion = 50;
	objects = {

/* Begin PBXBuildFile section */
		278696302459A5BA00FD87B5 /* AppDelegate.swift in Sources */ = {isa = PBXBuildFile; fileRef = 2786962F2459A5BA00FD87B5 /* AppDelegate.swift */; };
		278696322459A5BA00FD87B5 /* SceneDelegate.swift in Sources */ = {isa = PBXBuildFile; fileRef = 278696312459A5BA00FD87B5 /* SceneDelegate.swift */; };
		278696342459A5BA00FD87B5 /* NewsViewController.swift in Sources */ = {isa = PBXBuildFile; fileRef = 278696332459A5BA00FD87B5 /* NewsViewController.swift */; };
		278696362459A5BA00FD87B5 /* UserViewController.swift in Sources */ = {isa = PBXBuildFile; fileRef = 278696352459A5BA00FD87B5 /* UserViewController.swift */; };
		278696392459A5BA00FD87B5 /* Main.storyboard in Resources */ = {isa = PBXBuildFile; fileRef = 278696372459A5BA00FD87B5 /* Main.storyboard */; };
		2786963B2459A5BA00FD87B5 /* Assets.xcassets in Resources */ = {isa = PBXBuildFile; fileRef = 2786963A2459A5BA00FD87B5 /* Assets.xcassets */; };
		2786963E2459A5BA00FD87B5 /* LaunchScreen.storyboard in Resources */ = {isa = PBXBuildFile; fileRef = 2786963C2459A5BA00FD87B5 /* LaunchScreen.storyboard */; };
		278696482459AC7C00FD87B5 /* Constants.swift in Sources */ = {isa = PBXBuildFile; fileRef = 278696472459AC7C00FD87B5 /* Constants.swift */; };
		2786964B2459B2F900FD87B5 /* NewsCell.swift in Sources */ = {isa = PBXBuildFile; fileRef = 278696492459B2F900FD87B5 /* NewsCell.swift */; };
		2786964C2459B2F900FD87B5 /* NewsCell.xib in Resources */ = {isa = PBXBuildFile; fileRef = 2786964A2459B2F900FD87B5 /* NewsCell.xib */; };
		2786964F2459B47200FD87B5 /* News.swift in Sources */ = {isa = PBXBuildFile; fileRef = 2786964E2459B47200FD87B5 /* News.swift */; };
/* End PBXBuildFile section */

/* Begin PBXFileReference section */
		2786962C2459A5BA00FD87B5 /* HackerNewsClient.app */ = {isa = PBXFileReference; explicitFileType = wrapper.application; includeInIndex = 0; path = HackerNewsClient.app; sourceTree = BUILT_PRODUCTS_DIR; };
		2786962F2459A5BA00FD87B5 /* AppDelegate.swift */ = {isa = PBXFileReference; lastKnownFileType = sourcecode.swift; path = AppDelegate.swift; sourceTree = "<group>"; };
		278696312459A5BA00FD87B5 /* SceneDelegate.swift */ = {isa = PBXFileReference; lastKnownFileType = sourcecode.swift; path = SceneDelegate.swift; sourceTree = "<group>"; };
		278696332459A5BA00FD87B5 /* NewsViewController.swift */ = {isa = PBXFileReference; lastKnownFileType = sourcecode.swift; path = NewsViewController.swift; sourceTree = "<group>"; };
		278696352459A5BA00FD87B5 /* UserViewController.swift */ = {isa = PBXFileReference; lastKnownFileType = sourcecode.swift; path = UserViewController.swift; sourceTree = "<group>"; };
		278696382459A5BA00FD87B5 /* Base */ = {isa = PBXFileReference; lastKnownFileType = file.storyboard; name = Base; path = Base.lproj/Main.storyboard; sourceTree = "<group>"; };
		2786963A2459A5BA00FD87B5 /* Assets.xcassets */ = {isa = PBXFileReference; lastKnownFileType = folder.assetcatalog; path = Assets.xcassets; sourceTree = "<group>"; };
		2786963D2459A5BA00FD87B5 /* Base */ = {isa = PBXFileReference; lastKnownFileType = file.storyboard; name = Base; path = Base.lproj/LaunchScreen.storyboard; sourceTree = "<group>"; };
		2786963F2459A5BA00FD87B5 /* Info.plist */ = {isa = PBXFileReference; lastKnownFileType = text.plist.xml; path = Info.plist; sourceTree = "<group>"; };
		278696472459AC7C00FD87B5 /* Constants.swift */ = {isa = PBXFileReference; lastKnownFileType = sourcecode.swift; path = Constants.swift; sourceTree = "<group>"; };
		278696492459B2F900FD87B5 /* NewsCell.swift */ = {isa = PBXFileReference; lastKnownFileType = sourcecode.swift; path = NewsCell.swift; sourceTree = "<group>"; };
		2786964A2459B2F900FD87B5 /* NewsCell.xib */ = {isa = PBXFileReference; lastKnownFileType = file.xib; path = NewsCell.xib; sourceTree = "<group>"; };
		2786964E2459B47200FD87B5 /* News.swift */ = {isa = PBXFileReference; lastKnownFileType = sourcecode.swift; path = News.swift; sourceTree = "<group>"; };
/* End PBXFileReference section */

/* Begin PBXFrameworksBuildPhase section */
		278696292459A5BA00FD87B5 /* Frameworks */ = {
			isa = PBXFrameworksBuildPhase;
			buildActionMask = 2147483647;
			files = (
			);
			runOnlyForDeploymentPostprocessing = 0;
		};
/* End PBXFrameworksBuildPhase section */

/* Begin PBXGroup section */
		278696232459A5B900FD87B5 = {
			isa = PBXGroup;
			children = (
				2786962E2459A5BA00FD87B5 /* HackerNewsClient */,
				2786962D2459A5BA00FD87B5 /* Products */,
			);
			sourceTree = "<group>";
		};
		2786962D2459A5BA00FD87B5 /* Products */ = {
			isa = PBXGroup;
			children = (
				2786962C2459A5BA00FD87B5 /* HackerNewsClient.app */,
			);
			name = Products;
			sourceTree = "<group>";
		};
		2786962E2459A5BA00FD87B5 /* HackerNewsClient */ = {
			isa = PBXGroup;
			children = (
				2786962F2459A5BA00FD87B5 /* AppDelegate.swift */,
				278696312459A5BA00FD87B5 /* SceneDelegate.swift */,
				278696502459B48F00FD87B5 /* Models */,
				278696452459A7BD00FD87B5 /* Views */,
				278696462459ABE400FD87B5 /* Controllers */,
				2786963A2459A5BA00FD87B5 /* Assets.xcassets */,
				2786963F2459A5BA00FD87B5 /* Info.plist */,
				278696472459AC7C00FD87B5 /* Constants.swift */,
			);
			path = HackerNewsClient;
			sourceTree = "<group>";
		};
		278696452459A7BD00FD87B5 /* Views */ = {
			isa = PBXGroup;
			children = (
				2786963C2459A5BA00FD87B5 /* LaunchScreen.storyboard */,
				278696372459A5BA00FD87B5 /* Main.storyboard */,
				2786964D2459B30F00FD87B5 /* Cells */,
			);
			path = Views;
			sourceTree = "<group>";
		};
		278696462459ABE400FD87B5 /* Controllers */ = {
			isa = PBXGroup;
			children = (
				278696332459A5BA00FD87B5 /* NewsViewController.swift */,
				278696352459A5BA00FD87B5 /* UserViewController.swift */,
			);
			path = Controllers;
			sourceTree = "<group>";
		};
		2786964D2459B30F00FD87B5 /* Cells */ = {
			isa = PBXGroup;
			children = (
				278696492459B2F900FD87B5 /* NewsCell.swift */,
				2786964A2459B2F900FD87B5 /* NewsCell.xib */,
			);
			path = Cells;
			sourceTree = "<group>";
		};
		278696502459B48F00FD87B5 /* Models */ = {
			isa = PBXGroup;
			children = (
				2786964E2459B47200FD87B5 /* News.swift */,
			);
			path = Models;
			sourceTree = "<group>";
		};
/* End PBXGroup section */

/* Begin PBXNativeTarget section */
		2786962B2459A5BA00FD87B5 /* HackerNewsClient */ = {
			isa = PBXNativeTarget;
			buildConfigurationList = 278696422459A5BA00FD87B5 /* Build configuration list for PBXNativeTarget "HackerNewsClient" */;
			buildPhases = (
				278696282459A5BA00FD87B5 /* Sources */,
				278696292459A5BA00FD87B5 /* Frameworks */,
				2786962A2459A5BA00FD87B5 /* Resources */,
			);
			buildRules = (
			);
			dependencies = (
			);
			name = HackerNewsClient;
			productName = HackerNewsClient;
			productReference = 2786962C2459A5BA00FD87B5 /* HackerNewsClient.app */;
			productType = "com.apple.product-type.application";
		};
/* End PBXNativeTarget section */

/* Begin PBXProject section */
		278696242459A5B900FD87B5 /* Project object */ = {
			isa = PBXProject;
			attributes = {
				LastSwiftUpdateCheck = 1140;
				LastUpgradeCheck = 1140;
				ORGANIZATIONNAME = "Dinar Mukhametshin";
				TargetAttributes = {
					2786962B2459A5BA00FD87B5 = {
						CreatedOnToolsVersion = 11.4.1;
					};
				};
			};
			buildConfigurationList = 278696272459A5B900FD87B5 /* Build configuration list for PBXProject "HackerNewsClient" */;
			compatibilityVersion = "Xcode 9.3";
			developmentRegion = en;
			hasScannedForEncodings = 0;
			knownRegions = (
				en,
				Base,
			);
			mainGroup = 278696232459A5B900FD87B5;
			productRefGroup = 2786962D2459A5BA00FD87B5 /* Products */;
			projectDirPath = "";
			projectRoot = "";
			targets = (
				2786962B2459A5BA00FD87B5 /* HackerNewsClient */,
			);
		};
/* End PBXProject section */

/* Begin PBXResourcesBuildPhase section */
		2786962A2459A5BA00FD87B5 /* Resources */ = {
			isa = PBXResourcesBuildPhase;
			buildActionMask = 2147483647;
			files = (
				2786963E2459A5BA00FD87B5 /* LaunchScreen.storyboard in Resources */,
				2786963B2459A5BA00FD87B5 /* Assets.xcassets in Resources */,
				2786964C2459B2F900FD87B5 /* NewsCell.xib in Resources */,
				278696392459A5BA00FD87B5 /* Main.storyboard in Resources */,
			);
			runOnlyForDeploymentPostprocessing = 0;
		};
/* End PBXResourcesBuildPhase section */

/* Begin PBXSourcesBuildPhase section */
		278696282459A5BA00FD87B5 /* Sources */ = {
			isa = PBXSourcesBuildPhase;
			buildActionMask = 2147483647;
			files = (
				278696362459A5BA00FD87B5 /* UserViewController.swift in Sources */,
				278696342459A5BA00FD87B5 /* NewsViewController.swift in Sources */,
				278696302459A5BA00FD87B5 /* AppDelegate.swift in Sources */,
				278696482459AC7C00FD87B5 /* Constants.swift in Sources */,
				2786964F2459B47200FD87B5 /* News.swift in Sources */,
				2786964B2459B2F900FD87B5 /* NewsCell.swift in Sources */,
				278696322459A5BA00FD87B5 /* SceneDelegate.swift in Sources */,
			);
			runOnlyForDeploymentPostprocessing = 0;
		};
/* End PBXSourcesBuildPhase section */

/* Begin PBXVariantGroup section */
		278696372459A5BA00FD87B5 /* Main.storyboard */ = {
			isa = PBXVariantGroup;
			children = (
				278696382459A5BA00FD87B5 /* Base */,
			);
			name = Main.storyboard;
			sourceTree = "<group>";
		};
		2786963C2459A5BA00FD87B5 /* LaunchScreen.storyboard */ = {
			isa = PBXVariantGroup;
			children = (
				2786963D2459A5BA00FD87B5 /* Base */,
			);
			name = LaunchScreen.storyboard;
			sourceTree = "<group>";
		};
/* End PBXVariantGroup section */

/* Begin XCBuildConfiguration section */
		278696402459A5BA00FD87B5 /* Debug */ = {
			isa = XCBuildConfiguration;
			buildSettings = {
				ALWAYS_SEARCH_USER_PATHS = NO;
				CLANG_ANALYZER_NONNULL = YES;
				CLANG_ANALYZER_NUMBER_OBJECT_CONVERSION = YES_AGGRESSIVE;
				CLANG_CXX_LANGUAGE_STANDARD = "gnu++14";
				CLANG_CXX_LIBRARY = "libc++";
				CLANG_ENABLE_MODULES = YES;
				CLANG_ENABLE_OBJC_ARC = YES;
				CLANG_ENABLE_OBJC_WEAK = YES;
				CLANG_WARN_BLOCK_CAPTURE_AUTORELEASING = YES;
				CLANG_WARN_BOOL_CONVERSION = YES;
				CLANG_WARN_COMMA = YES;
				CLANG_WARN_CONSTANT_CONVERSION = YES;
				CLANG_WARN_DEPRECATED_OBJC_IMPLEMENTATIONS = YES;
				CLANG_WARN_DIRECT_OBJC_ISA_USAGE = YES_ERROR;
				CLANG_WARN_DOCUMENTATION_COMMENTS = YES;
				CLANG_WARN_EMPTY_BODY = YES;
				CLANG_WARN_ENUM_CONVERSION = YES;
				CLANG_WARN_INFINITE_RECURSION = YES;
				CLANG_WARN_INT_CONVERSION = YES;
				CLANG_WARN_NON_LITERAL_NULL_CONVERSION = YES;
				CLANG_WARN_OBJC_IMPLICIT_RETAIN_SELF = YES;
				CLANG_WARN_OBJC_LITERAL_CONVERSION = YES;
				CLANG_WARN_OBJC_ROOT_CLASS = YES_ERROR;
				CLANG_WARN_RANGE_LOOP_ANALYSIS = YES;
				CLANG_WARN_STRICT_PROTOTYPES = YES;
				CLANG_WARN_SUSPICIOUS_MOVE = YES;
				CLANG_WARN_UNGUARDED_AVAILABILITY = YES_AGGRESSIVE;
				CLANG_WARN_UNREACHABLE_CODE = YES;
				CLANG_WARN__DUPLICATE_METHOD_MATCH = YES;
				COPY_PHASE_STRIP = NO;
				DEBUG_INFORMATION_FORMAT = dwarf;
				ENABLE_STRICT_OBJC_MSGSEND = YES;
				ENABLE_TESTABILITY = YES;
				GCC_C_LANGUAGE_STANDARD = gnu11;
				GCC_DYNAMIC_NO_PIC = NO;
				GCC_NO_COMMON_BLOCKS = YES;
				GCC_OPTIMIZATION_LEVEL = 0;
				GCC_PREPROCESSOR_DEFINITIONS = (
					"DEBUG=1",
					"$(inherited)",
				);
				GCC_WARN_64_TO_32_BIT_CONVERSION = YES;
				GCC_WARN_ABOUT_RETURN_TYPE = YES_ERROR;
				GCC_WARN_UNDECLARED_SELECTOR = YES;
				GCC_WARN_UNINITIALIZED_AUTOS = YES_AGGRESSIVE;
				GCC_WARN_UNUSED_FUNCTION = YES;
				GCC_WARN_UNUSED_VARIABLE = YES;
				IPHONEOS_DEPLOYMENT_TARGET = 13.4;
				MTL_ENABLE_DEBUG_INFO = INCLUDE_SOURCE;
				MTL_FAST_MATH = YES;
				ONLY_ACTIVE_ARCH = YES;
				SDKROOT = iphoneos;
				SWIFT_ACTIVE_COMPILATION_CONDITIONS = DEBUG;
				SWIFT_OPTIMIZATION_LEVEL = "-Onone";
			};
			name = Debug;
		};
		278696412459A5BA00FD87B5 /* Release */ = {
			isa = XCBuildConfiguration;
			buildSettings = {
				ALWAYS_SEARCH_USER_PATHS = NO;
				CLANG_ANALYZER_NONNULL = YES;
				CLANG_ANALYZER_NUMBER_OBJECT_CONVERSION = YES_AGGRESSIVE;
				CLANG_CXX_LANGUAGE_STANDARD = "gnu++14";
				CLANG_CXX_LIBRARY = "libc++";
				CLANG_ENABLE_MODULES = YES;
				CLANG_ENABLE_OBJC_ARC = YES;
				CLANG_ENABLE_OBJC_WEAK = YES;
				CLANG_WARN_BLOCK_CAPTURE_AUTORELEASING = YES;
				CLANG_WARN_BOOL_CONVERSION = YES;
				CLANG_WARN_COMMA = YES;
				CLANG_WARN_CONSTANT_CONVERSION = YES;
				CLANG_WARN_DEPRECATED_OBJC_IMPLEMENTATIONS = YES;
				CLANG_WARN_DIRECT_OBJC_ISA_USAGE = YES_ERROR;
				CLANG_WARN_DOCUMENTATION_COMMENTS = YES;
				CLANG_WARN_EMPTY_BODY = YES;
				CLANG_WARN_ENUM_CONVERSION = YES;
				CLANG_WARN_INFINITE_RECURSION = YES;
				CLANG_WARN_INT_CONVERSION = YES;
				CLANG_WARN_NON_LITERAL_NULL_CONVERSION = YES;
				CLANG_WARN_OBJC_IMPLICIT_RETAIN_SELF = YES;
				CLANG_WARN_OBJC_LITERAL_CONVERSION = YES;
				CLANG_WARN_OBJC_ROOT_CLASS = YES_ERROR;
				CLANG_WARN_RANGE_LOOP_ANALYSIS = YES;
				CLANG_WARN_STRICT_PROTOTYPES = YES;
				CLANG_WARN_SUSPICIOUS_MOVE = YES;
				CLANG_WARN_UNGUARDED_AVAILABILITY = YES_AGGRESSIVE;
				CLANG_WARN_UNREACHABLE_CODE = YES;
				CLANG_WARN__DUPLICATE_METHOD_MATCH = YES;
				COPY_PHASE_STRIP = NO;
				DEBUG_INFORMATION_FORMAT = "dwarf-with-dsym";
				ENABLE_NS_ASSERTIONS = NO;
				ENABLE_STRICT_OBJC_MSGSEND = YES;
				GCC_C_LANGUAGE_STANDARD = gnu11;
				GCC_NO_COMMON_BLOCKS = YES;
				GCC_WARN_64_TO_32_BIT_CONVERSION = YES;
				GCC_WARN_ABOUT_RETURN_TYPE = YES_ERROR;
				GCC_WARN_UNDECLARED_SELECTOR = YES;
				GCC_WARN_UNINITIALIZED_AUTOS = YES_AGGRESSIVE;
				GCC_WARN_UNUSED_FUNCTION = YES;
				GCC_WARN_UNUSED_VARIABLE = YES;
				IPHONEOS_DEPLOYMENT_TARGET = 13.4;
				MTL_ENABLE_DEBUG_INFO = NO;
				MTL_FAST_MATH = YES;
				SDKROOT = iphoneos;
				SWIFT_COMPILATION_MODE = wholemodule;
				SWIFT_OPTIMIZATION_LEVEL = "-O";
				VALIDATE_PRODUCT = YES;
			};
			name = Release;
		};
		278696432459A5BA00FD87B5 /* Debug */ = {
			isa = XCBuildConfiguration;
			buildSettings = {
				ASSETCATALOG_COMPILER_APPICON_NAME = AppIcon;
				CODE_SIGN_STYLE = Automatic;
				DEVELOPMENT_TEAM = QYNZ8D99K9;
				INFOPLIST_FILE = HackerNewsClient/Info.plist;
				IPHONEOS_DEPLOYMENT_TARGET = 13.0;
				LD_RUNPATH_SEARCH_PATHS = (
					"$(inherited)",
					"@executable_path/Frameworks",
				);
				PRODUCT_BUNDLE_IDENTIFIER = ru.bossit.HackerNewsClient;
				PRODUCT_NAME = "$(TARGET_NAME)";
				SWIFT_VERSION = 5.0;
				TARGETED_DEVICE_FAMILY = 1;
			};
			name = Debug;
		};
		278696442459A5BA00FD87B5 /* Release */ = {
			isa = XCBuildConfiguration;
			buildSettings = {
				ASSETCATALOG_COMPILER_APPICON_NAME = AppIcon;
				CODE_SIGN_STYLE = Automatic;
				DEVELOPMENT_TEAM = QYNZ8D99K9;
				INFOPLIST_FILE = HackerNewsClient/Info.plist;
				IPHONEOS_DEPLOYMENT_TARGET = 13.0;
				LD_RUNPATH_SEARCH_PATHS = (
					"$(inherited)",
					"@executable_path/Frameworks",
				);
				PRODUCT_BUNDLE_IDENTIFIER = ru.bossit.HackerNewsClient;
				PRODUCT_NAME = "$(TARGET_NAME)";
				SWIFT_VERSION = 5.0;
				TARGETED_DEVICE_FAMILY = 1;
			};
			name = Release;
		};
/* End XCBuildConfiguration section */

/* Begin XCConfigurationList section */
		278696272459A5B900FD87B5 /* Build configuration list for PBXProject "HackerNewsClient" */ = {
			isa = XCConfigurationList;
			buildConfigurations = (
				278696402459A5BA00FD87B5 /* Debug */,
				278696412459A5BA00FD87B5 /* Release */,
			);
			defaultConfigurationIsVisible = 0;
			defaultConfigurationName = Release;
		};
		278696422459A5BA00FD87B5 /* Build configuration list for PBXNativeTarget "HackerNewsClient" */ = {
			isa = XCConfigurationList;
			buildConfigurations = (
				278696432459A5BA00FD87B5 /* Debug */,
				278696442459A5BA00FD87B5 /* Release */,
			);
			defaultConfigurationIsVisible = 0;
			defaultConfigurationName = Release;
		};
/* End XCConfigurationList section */
	};
	rootObject = 278696242459A5B900FD87B5 /* Project object */;
}
